// !$*UTF8*$!
{
	archiveVersion = 1;
	classes = {
	};
	objectVersion = 46;
	objects = {

/* Begin PBXBuildFile section */
		6706BFC71E5CF685005FDD52 /* AppDelegate.swift in Sources */ = {isa = PBXBuildFile; fileRef = 6706BFC61E5CF685005FDD52 /* AppDelegate.swift */; };
		6706BFC91E5CF685005FDD52 /* ViewController.swift in Sources */ = {isa = PBXBuildFile; fileRef = 6706BFC81E5CF685005FDD52 /* ViewController.swift */; };
		6706BFCC1E5CF685005FDD52 /* Main.storyboard in Resources */ = {isa = PBXBuildFile; fileRef = 6706BFCA1E5CF685005FDD52 /* Main.storyboard */; };
		6706BFCE1E5CF685005FDD52 /* Assets.xcassets in Resources */ = {isa = PBXBuildFile; fileRef = 6706BFCD1E5CF685005FDD52 /* Assets.xcassets */; };
		6706BFD11E5CF685005FDD52 /* LaunchScreen.storyboard in Resources */ = {isa = PBXBuildFile; fileRef = 6706BFCF1E5CF685005FDD52 /* LaunchScreen.storyboard */; };
		676841321E67F660001CD416 /* CircledView.swift in Sources */ = {isa = PBXBuildFile; fileRef = 676841311E67F660001CD416 /* CircledView.swift */; };
		676841341E6B6372001CD416 /* FacetedItem.swift in Sources */ = {isa = PBXBuildFile; fileRef = 676841331E6B6372001CD416 /* FacetedItem.swift */; };
/* End PBXBuildFile section */

/* Begin PBXFileReference section */
		6706BFC31E5CF685005FDD52 /* ImageCircled.app */ = {isa = PBXFileReference; explicitFileType = wrapper.application; includeInIndex = 0; path = ImageCircled.app; sourceTree = BUILT_PRODUCTS_DIR; };
		6706BFC61E5CF685005FDD52 /* AppDelegate.swift */ = {isa = PBXFileReference; lastKnownFileType = sourcecode.swift; path = AppDelegate.swift; sourceTree = "<group>"; };
		6706BFC81E5CF685005FDD52 /* ViewController.swift */ = {isa = PBXFileReference; lastKnownFileType = sourcecode.swift; path = ViewController.swift; sourceTree = "<group>"; };
		6706BFCB1E5CF685005FDD52 /* Base */ = {isa = PBXFileReference; lastKnownFileType = file.storyboard; name = Base; path = Base.lproj/Main.storyboard; sourceTree = "<group>"; };
		6706BFCD1E5CF685005FDD52 /* Assets.xcassets */ = {isa = PBXFileReference; lastKnownFileType = folder.assetcatalog; path = Assets.xcassets; sourceTree = "<group>"; };
		6706BFD01E5CF685005FDD52 /* Base */ = {isa = PBXFileReference; lastKnownFileType = file.storyboard; name = Base; path = Base.lproj/LaunchScreen.storyboard; sourceTree = "<group>"; };
		6706BFD21E5CF685005FDD52 /* Info.plist */ = {isa = PBXFileReference; lastKnownFileType = text.plist.xml; path = Info.plist; sourceTree = "<group>"; };
		676841311E67F660001CD416 /* CircledView.swift */ = {isa = PBXFileReference; fileEncoding = 4; lastKnownFileType = sourcecode.swift; path = CircledView.swift; sourceTree = "<group>"; };
		676841331E6B6372001CD416 /* FacetedItem.swift */ = {isa = PBXFileReference; fileEncoding = 4; lastKnownFileType = sourcecode.swift; path = FacetedItem.swift; sourceTree = "<group>"; };
/* End PBXFileReference section */

/* Begin PBXFrameworksBuildPhase section */
		6706BFC01E5CF685005FDD52 /* Frameworks */ = {
			isa = PBXFrameworksBuildPhase;
			buildActionMask = 2147483647;
			files = (
			);
			runOnlyForDeploymentPostprocessing = 0;
		};
/* End PBXFrameworksBuildPhase section */

/* Begin PBXGroup section */
		6706BFBA1E5CF685005FDD52 = {
			isa = PBXGroup;
			children = (
				6706BFC51E5CF685005FDD52 /* ImageCircled */,
				6706BFC41E5CF685005FDD52 /* Products */,
			);
			sourceTree = "<group>";
		};
		6706BFC41E5CF685005FDD52 /* Products */ = {
			isa = PBXGroup;
			children = (
				6706BFC31E5CF685005FDD52 /* ImageCircled.app */,
			);
			name = Products;
			sourceTree = "<group>";
		};
		6706BFC51E5CF685005FDD52 /* ImageCircled */ = {
			isa = PBXGroup;
			children = (
				6706BFC61E5CF685005FDD52 /* AppDelegate.swift */,
				6706BFC81E5CF685005FDD52 /* ViewController.swift */,
				6706BFCA1E5CF685005FDD52 /* Main.storyboard */,
				6706BFCD1E5CF685005FDD52 /* Assets.xcassets */,
				6706BFCF1E5CF685005FDD52 /* LaunchScreen.storyboard */,
				6706BFD21E5CF685005FDD52 /* Info.plist */,
				676841311E67F660001CD416 /* CircledView.swift */,
				676841331E6B6372001CD416 /* FacetedItem.swift */,
			);
			path = ImageCircled;
			sourceTree = "<group>";
		};
/* End PBXGroup section */

/* Begin PBXNativeTarget section */
		6706BFC21E5CF685005FDD52 /* ImageCircled */ = {
			isa = PBXNativeTarget;
			buildConfigurationList = 6706BFD51E5CF685005FDD52 /* Build configuration list for PBXNativeTarget "ImageCircled" */;
			buildPhases = (
				6706BFBF1E5CF685005FDD52 /* Sources */,
				6706BFC01E5CF685005FDD52 /* Frameworks */,
				6706BFC11E5CF685005FDD52 /* Resources */,
			);
			buildRules = (
			);
			dependencies = (
			);
			name = ImageCircled;
			productName = ImageCircled;
			productReference = 6706BFC31E5CF685005FDD52 /* ImageCircled.app */;
			productType = "com.apple.product-type.application";
		};
/* End PBXNativeTarget section */

/* Begin PBXProject section */
		6706BFBB1E5CF685005FDD52 /* Project object */ = {
			isa = PBXProject;
			attributes = {
				LastSwiftUpdateCheck = 0820;
				LastUpgradeCheck = 0820;
				ORGANIZATIONNAME = "Yura Braiko";
				TargetAttributes = {
					6706BFC21E5CF685005FDD52 = {
						CreatedOnToolsVersion = 8.2.1;
						DevelopmentTeam = LPY6D4GE2E;
						ProvisioningStyle = Automatic;
					};
				};
			};
			buildConfigurationList = 6706BFBE1E5CF685005FDD52 /* Build configuration list for PBXProject "ImageCircled" */;
			compatibilityVersion = "Xcode 3.2";
			developmentRegion = English;
			hasScannedForEncodings = 0;
			knownRegions = (
				en,
				Base,
			);
			mainGroup = 6706BFBA1E5CF685005FDD52;
			productRefGroup = 6706BFC41E5CF685005FDD52 /* Products */;
			projectDirPath = "";
			projectRoot = "";
			targets = (
				6706BFC21E5CF685005FDD52 /* ImageCircled */,
			);
		};
/* End PBXProject section */

/* Begin PBXResourcesBuildPhase section */
		6706BFC11E5CF685005FDD52 /* Resources */ = {
			isa = PBXResourcesBuildPhase;
			buildActionMask = 2147483647;
			files = (
				6706BFD11E5CF685005FDD52 /* LaunchScreen.storyboard in Resources */,
				6706BFCE1E5CF685005FDD52 /* Assets.xcassets in Resources */,
				6706BFCC1E5CF685005FDD52 /* Main.storyboard in Resources */,
			);
			runOnlyForDeploymentPostprocessing = 0;
		};
/* End PBXResourcesBuildPhase section */

/* Begin PBXSourcesBuildPhase section */
		6706BFBF1E5CF685005FDD52 /* Sources */ = {
			isa = PBXSourcesBuildPhase;
			buildActionMask = 2147483647;
			files = (
				6706BFC91E5CF685005FDD52 /* ViewController.swift in Sources */,
				6706BFC71E5CF685005FDD52 /* AppDelegate.swift in Sources */,
				676841321E67F660001CD416 /* CircledView.swift in Sources */,
				676841341E6B6372001CD416 /* FacetedItem.swift in Sources */,
			);
			runOnlyForDeploymentPostprocessing = 0;
		};
/* End PBXSourcesBuildPhase section */

/* Begin PBXVariantGroup section */
		6706BFCA1E5CF685005FDD52 /* Main.storyboard */ = {
			isa = PBXVariantGroup;
			children = (
				6706BFCB1E5CF685005FDD52 /* Base */,
			);
			name = Main.storyboard;
			sourceTree = "<group>";
		};
		6706BFCF1E5CF685005FDD52 /* LaunchScreen.storyboard */ = {
			isa = PBXVariantGroup;
			children = (
				6706BFD01E5CF685005FDD52 /* Base */,
			);
			name = LaunchScreen.storyboard;
			sourceTree = "<group>";
		};
/* End PBXVariantGroup section */

/* Begin XCBuildConfiguration section */
		6706BFD31E5CF685005FDD52 /* Debug */ = {
			isa = XCBuildConfiguration;
			buildSettings = {
				ALWAYS_SEARCH_USER_PATHS = NO;
				CLANG_ANALYZER_NONNULL = YES;
				CLANG_CXX_LANGUAGE_STANDARD = "gnu++0x";
				CLANG_CXX_LIBRARY = "libc++";
				CLANG_ENABLE_MODULES = YES;
				CLANG_ENABLE_OBJC_ARC = YES;
				CLANG_WARN_BOOL_CONVERSION = YES;
				CLANG_WARN_CONSTANT_CONVERSION = YES;
				CLANG_WARN_DIRECT_OBJC_ISA_USAGE = YES_ERROR;
				CLANG_WARN_DOCUMENTATION_COMMENTS = YES;
				CLANG_WARN_EMPTY_BODY = YES;
				CLANG_WARN_ENUM_CONVERSION = YES;
				CLANG_WARN_INFINITE_RECURSION = YES;
				CLANG_WARN_INT_CONVERSION = YES;
				CLANG_WARN_OBJC_ROOT_CLASS = YES_ERROR;
				CLANG_WARN_SUSPICIOUS_MOVE = YES;
				CLANG_WARN_UNREACHABLE_CODE = YES;
				CLANG_WARN__DUPLICATE_METHOD_MATCH = YES;
				"CODE_SIGN_IDENTITY[sdk=iphoneos*]" = "iPhone Developer";
				COPY_PHASE_STRIP = NO;
				DEBUG_INFORMATION_FORMAT = dwarf;
				ENABLE_STRICT_OBJC_MSGSEND = YES;
				ENABLE_TESTABILITY = YES;
				GCC_C_LANGUAGE_STANDARD = gnu99;
				GCC_DYNAMIC_NO_PIC = NO;
				GCC_NO_COMMON_BLOCKS = YES;
				GCC_OPTIMIZATION_LEVEL = 0;
				GCC_PREPROCESSOR_DEFINITIONS = (
					"DEBUG=1",
					"$(inherited)",
				);
				GCC_WARN_64_TO_32_BIT_CONVERSION = YES;
				GCC_WARN_ABOUT_RETURN_TYPE = YES_ERROR;
				GCC_WARN_UNDECLARED_SELECTOR = YES;
				GCC_WARN_UNINITIALIZED_AUTOS = YES_AGGRESSIVE;
				GCC_WARN_UNUSED_FUNCTION = YES;
				GCC_WARN_UNUSED_VARIABLE = YES;
				IPHONEOS_DEPLOYMENT_TARGET = 10.2;
				MTL_ENABLE_DEBUG_INFO = YES;
				ONLY_ACTIVE_ARCH = YES;
				SDKROOT = iphoneos;
				SWIFT_ACTIVE_COMPILATION_CONDITIONS = DEBUG;
				SWIFT_OPTIMIZATION_LEVEL = "-Onone";
			};
			name = Debug;
		};
		6706BFD41E5CF685005FDD52 /* Release */ = {
			isa = XCBuildConfiguration;
			buildSettings = {
				ALWAYS_SEARCH_USER_PATHS = NO;
				CLANG_ANALYZER_NONNULL = YES;
				CLANG_CXX_LANGUAGE_STANDARD = "gnu++0x";
				CLANG_CXX_LIBRARY = "libc++";
				CLANG_ENABLE_MODULES = YES;
				CLANG_ENABLE_OBJC_ARC = YES;
				CLANG_WARN_BOOL_CONVERSION = YES;
				CLANG_WARN_CONSTANT_CONVERSION = YES;
				CLANG_WARN_DIRECT_OBJC_ISA_USAGE = YES_ERROR;
				CLANG_WARN_DOCUMENTATION_COMMENTS = YES;
				CLANG_WARN_EMPTY_BODY = YES;
				CLANG_WARN_ENUM_CONVERSION = YES;
				CLANG_WARN_INFINITE_RECURSION = YES;
				CLANG_WARN_INT_CONVERSION = YES;
				CLANG_WARN_OBJC_ROOT_CLASS = YES_ERROR;
				CLANG_WARN_SUSPICIOUS_MOVE = YES;
				CLANG_WARN_UNREACHABLE_CODE = YES;
				CLANG_WARN__DUPLICATE_METHOD_MATCH = YES;
				"CODE_SIGN_IDENTITY[sdk=iphoneos*]" = "iPhone Developer";
				COPY_PHASE_STRIP = NO;
				DEBUG_INFORMATION_FORMAT = "dwarf-with-dsym";
				ENABLE_NS_ASSERTIONS = NO;
				ENABLE_STRICT_OBJC_MSGSEND = YES;
				GCC_C_LANGUAGE_STANDARD = gnu99;
				GCC_NO_COMMON_BLOCKS = YES;
				GCC_WARN_64_TO_32_BIT_CONVERSION = YES;
				GCC_WARN_ABOUT_RETURN_TYPE = YES_ERROR;
				GCC_WARN_UNDECLARED_SELECTOR = YES;
				GCC_WARN_UNINITIALIZED_AUTOS = YES_AGGRESSIVE;
				GCC_WARN_UNUSED_FUNCTION = YES;
				GCC_WARN_UNUSED_VARIABLE = YES;
				IPHONEOS_DEPLOYMENT_TARGET = 10.2;
				MTL_ENABLE_DEBUG_INFO = NO;
				SDKROOT = iphoneos;
				SWIFT_OPTIMIZATION_LEVEL = "-Owholemodule";
				VALIDATE_PRODUCT = YES;
			};
			name = Release;
		};
		6706BFD61E5CF685005FDD52 /* Debug */ = {
			isa = XCBuildConfiguration;
			buildSettings = {
				ASSETCATALOG_COMPILER_APPICON_NAME = AppIcon;
				DEVELOPMENT_TEAM = LPY6D4GE2E;
				INFOPLIST_FILE = ImageCircled/Info.plist;
				LD_RUNPATH_SEARCH_PATHS = "$(inherited) @executable_path/Frameworks";
				PRODUCT_BUNDLE_IDENTIFIER = flying.pi.ImageCircled;
				PRODUCT_NAME = "$(TARGET_NAME)";
				SWIFT_VERSION = 3.0;
			};
			name = Debug;
		};
		6706BFD71E5CF685005FDD52 /* Release */ = {
			isa = XCBuildConfiguration;
			buildSettings = {
				ASSETCATALOG_COMPILER_APPICON_NAME = AppIcon;
				DEVELOPMENT_TEAM = LPY6D4GE2E;
				INFOPLIST_FILE = ImageCircled/Info.plist;
				LD_RUNPATH_SEARCH_PATHS = "$(inherited) @executable_path/Frameworks";
				PRODUCT_BUNDLE_IDENTIFIER = flying.pi.ImageCircled;
				PRODUCT_NAME = "$(TARGET_NAME)";
				SWIFT_VERSION = 3.0;
			};
			name = Release;
		};
/* End XCBuildConfiguration section */

/* Begin XCConfigurationList section */
		6706BFBE1E5CF685005FDD52 /* Build configuration list for PBXProject "ImageCircled" */ = {
			isa = XCConfigurationList;
			buildConfigurations = (
				6706BFD31E5CF685005FDD52 /* Debug */,
				6706BFD41E5CF685005FDD52 /* Release */,
			);
			defaultConfigurationIsVisible = 0;
			defaultConfigurationName = Release;
		};
		6706BFD51E5CF685005FDD52 /* Build configuration list for PBXNativeTarget "ImageCircled" */ = {
			isa = XCConfigurationList;
			buildConfigurations = (
				6706BFD61E5CF685005FDD52 /* Debug */,
				6706BFD71E5CF685005FDD52 /* Release */,
			);
			defaultConfigurationIsVisible = 0;
			defaultConfigurationName = Release;
		};
/* End XCConfigurationList section */
	};
	rootObject = 6706BFBB1E5CF685005FDD52 /* Project object */;
}
